// !$*UTF8*$!
{
	archiveVersion = 1;
	classes = {
	};
	objectVersion = 50;
	objects = {

/* Begin PBXBuildFile section */
		2B0A5B406F1D09FF12807940 /* Pods_ARMeasure.framework in Frameworks */ = {isa = PBXBuildFile; fileRef = 6364F8D9426ECE37CD4F2A8E /* Pods_ARMeasure.framework */; };
		8DF55C7324D911C900479549 /* AppDelegate.swift in Sources */ = {isa = PBXBuildFile; fileRef = 8DF55C7224D911C900479549 /* AppDelegate.swift */; };
		8DF55C7524D911CA00479549 /* art.scnassets in Resources */ = {isa = PBXBuildFile; fileRef = 8DF55C7424D911CA00479549 /* art.scnassets */; };
		8DF55C7724D911CA00479549 /* ViewController.swift in Sources */ = {isa = PBXBuildFile; fileRef = 8DF55C7624D911CA00479549 /* ViewController.swift */; };
		8DF55C7A24D911CA00479549 /* Main.storyboard in Resources */ = {isa = PBXBuildFile; fileRef = 8DF55C7824D911CA00479549 /* Main.storyboard */; };
		8DF55C7C24D911CB00479549 /* Assets.xcassets in Resources */ = {isa = PBXBuildFile; fileRef = 8DF55C7B24D911CB00479549 /* Assets.xcassets */; };
		8DF55C7F24D911CB00479549 /* LaunchScreen.storyboard in Resources */ = {isa = PBXBuildFile; fileRef = 8DF55C7D24D911CB00479549 /* LaunchScreen.storyboard */; };
/* End PBXBuildFile section */

/* Begin PBXFileReference section */
		0B4585298086BCEF77D1C8D7 /* Pods-ARMeasure.debug.xcconfig */ = {isa = PBXFileReference; includeInIndex = 1; lastKnownFileType = text.xcconfig; name = "Pods-ARMeasure.debug.xcconfig"; path = "Target Support Files/Pods-ARMeasure/Pods-ARMeasure.debug.xcconfig"; sourceTree = "<group>"; };
		6364F8D9426ECE37CD4F2A8E /* Pods_ARMeasure.framework */ = {isa = PBXFileReference; explicitFileType = wrapper.framework; includeInIndex = 0; path = Pods_ARMeasure.framework; sourceTree = BUILT_PRODUCTS_DIR; };
		8DF55C6F24D911C900479549 /* ARMeasure.app */ = {isa = PBXFileReference; explicitFileType = wrapper.application; includeInIndex = 0; path = ARMeasure.app; sourceTree = BUILT_PRODUCTS_DIR; };
		8DF55C7224D911C900479549 /* AppDelegate.swift */ = {isa = PBXFileReference; lastKnownFileType = sourcecode.swift; path = AppDelegate.swift; sourceTree = "<group>"; };
		8DF55C7424D911CA00479549 /* art.scnassets */ = {isa = PBXFileReference; lastKnownFileType = wrapper.scnassets; path = art.scnassets; sourceTree = "<group>"; };
		8DF55C7624D911CA00479549 /* ViewController.swift */ = {isa = PBXFileReference; lastKnownFileType = sourcecode.swift; path = ViewController.swift; sourceTree = "<group>"; };
		8DF55C7924D911CA00479549 /* Base */ = {isa = PBXFileReference; lastKnownFileType = file.storyboard; name = Base; path = Base.lproj/Main.storyboard; sourceTree = "<group>"; };
		8DF55C7B24D911CB00479549 /* Assets.xcassets */ = {isa = PBXFileReference; lastKnownFileType = folder.assetcatalog; path = Assets.xcassets; sourceTree = "<group>"; };
		8DF55C7E24D911CB00479549 /* Base */ = {isa = PBXFileReference; lastKnownFileType = file.storyboard; name = Base; path = Base.lproj/LaunchScreen.storyboard; sourceTree = "<group>"; };
		8DF55C8024D911CB00479549 /* Info.plist */ = {isa = PBXFileReference; lastKnownFileType = text.plist.xml; path = Info.plist; sourceTree = "<group>"; };
		AE4CA0C18B7E75189A36945D /* Pods-ARMeasure.release.xcconfig */ = {isa = PBXFileReference; includeInIndex = 1; lastKnownFileType = text.xcconfig; name = "Pods-ARMeasure.release.xcconfig"; path = "Target Support Files/Pods-ARMeasure/Pods-ARMeasure.release.xcconfig"; sourceTree = "<group>"; };
/* End PBXFileReference section */

/* Begin PBXFrameworksBuildPhase section */
		8DF55C6C24D911C900479549 /* Frameworks */ = {
			isa = PBXFrameworksBuildPhase;
			buildActionMask = 2147483647;
			files = (
				2B0A5B406F1D09FF12807940 /* Pods_ARMeasure.framework in Frameworks */,
			);
			runOnlyForDeploymentPostprocessing = 0;
		};
/* End PBXFrameworksBuildPhase section */

/* Begin PBXGroup section */
		5CBCAFF12FC61C4E68C2B1D7 /* Pods */ = {
			isa = PBXGroup;
			children = (
				0B4585298086BCEF77D1C8D7 /* Pods-ARMeasure.debug.xcconfig */,
				AE4CA0C18B7E75189A36945D /* Pods-ARMeasure.release.xcconfig */,
			);
			name = Pods;
			path = Pods;
			sourceTree = "<group>";
		};
		719C6664C3704AF865D41B11 /* Frameworks */ = {
			isa = PBXGroup;
			children = (
				6364F8D9426ECE37CD4F2A8E /* Pods_ARMeasure.framework */,
			);
			name = Frameworks;
			sourceTree = "<group>";
		};
		8DF55C6624D911C900479549 = {
			isa = PBXGroup;
			children = (
				8DF55C7124D911C900479549 /* ARMeasure */,
				8DF55C7024D911C900479549 /* Products */,
				5CBCAFF12FC61C4E68C2B1D7 /* Pods */,
				719C6664C3704AF865D41B11 /* Frameworks */,
			);
			sourceTree = "<group>";
		};
		8DF55C7024D911C900479549 /* Products */ = {
			isa = PBXGroup;
			children = (
				8DF55C6F24D911C900479549 /* ARMeasure.app */,
			);
			name = Products;
			sourceTree = "<group>";
		};
		8DF55C7124D911C900479549 /* ARMeasure */ = {
			isa = PBXGroup;
			children = (
				8DF55C7224D911C900479549 /* AppDelegate.swift */,
				8DF55C8824D9122600479549 /* Model */,
				8DF55C8724D9122100479549 /* ViewModel */,
				8DF55C8624D9121800479549 /* View */,
				8DF55C7424D911CA00479549 /* art.scnassets */,
				8DF55C7824D911CA00479549 /* Main.storyboard */,
				8DF55C7B24D911CB00479549 /* Assets.xcassets */,
				8DF55C7D24D911CB00479549 /* LaunchScreen.storyboard */,
				8DF55C8024D911CB00479549 /* Info.plist */,
			);
			path = ARMeasure;
			sourceTree = "<group>";
		};
		8DF55C8624D9121800479549 /* View */ = {
			isa = PBXGroup;
			children = (
				8DF55C7624D911CA00479549 /* ViewController.swift */,
			);
			path = View;
			sourceTree = "<group>";
		};
		8DF55C8724D9122100479549 /* ViewModel */ = {
			isa = PBXGroup;
			children = (
			);
			path = ViewModel;
			sourceTree = "<group>";
		};
		8DF55C8824D9122600479549 /* Model */ = {
			isa = PBXGroup;
			children = (
			);
			path = Model;
			sourceTree = "<group>";
		};
/* End PBXGroup section */

/* Begin PBXNativeTarget section */
		8DF55C6E24D911C900479549 /* ARMeasure */ = {
			isa = PBXNativeTarget;
			buildConfigurationList = 8DF55C8324D911CB00479549 /* Build configuration list for PBXNativeTarget "ARMeasure" */;
			buildPhases = (
				5F7950578F88321B1BEF8B9C /* [CP] Check Pods Manifest.lock */,
				8DF55C6B24D911C900479549 /* Sources */,
				8DF55C6C24D911C900479549 /* Frameworks */,
				8DF55C6D24D911C900479549 /* Resources */,
				D552252D8A048E210946F30E /* [CP] Embed Pods Frameworks */,
			);
			buildRules = (
			);
			dependencies = (
			);
			name = ARMeasure;
			productName = ARMeasure;
			productReference = 8DF55C6F24D911C900479549 /* ARMeasure.app */;
			productType = "com.apple.product-type.application";
		};
/* End PBXNativeTarget section */

/* Begin PBXProject section */
		8DF55C6724D911C900479549 /* Project object */ = {
			isa = PBXProject;
			attributes = {
				LastSwiftUpdateCheck = 1150;
				LastUpgradeCheck = 1150;
				ORGANIZATIONNAME = "福山帆士";
				TargetAttributes = {
					8DF55C6E24D911C900479549 = {
						CreatedOnToolsVersion = 11.5;
					};
				};
			};
			buildConfigurationList = 8DF55C6A24D911C900479549 /* Build configuration list for PBXProject "ARMeasure" */;
			compatibilityVersion = "Xcode 9.3";
			developmentRegion = en;
			hasScannedForEncodings = 0;
			knownRegions = (
				en,
				Base,
			);
			mainGroup = 8DF55C6624D911C900479549;
			productRefGroup = 8DF55C7024D911C900479549 /* Products */;
			projectDirPath = "";
			projectRoot = "";
			targets = (
				8DF55C6E24D911C900479549 /* ARMeasure */,
			);
		};
/* End PBXProject section */

/* Begin PBXResourcesBuildPhase section */
		8DF55C6D24D911C900479549 /* Resources */ = {
			isa = PBXResourcesBuildPhase;
			buildActionMask = 2147483647;
			files = (
				8DF55C7524D911CA00479549 /* art.scnassets in Resources */,
				8DF55C7F24D911CB00479549 /* LaunchScreen.storyboard in Resources */,
				8DF55C7C24D911CB00479549 /* Assets.xcassets in Resources */,
				8DF55C7A24D911CA00479549 /* Main.storyboard in Resources */,
			);
			runOnlyForDeploymentPostprocessing = 0;
		};
/* End PBXResourcesBuildPhase section */

/* Begin PBXShellScriptBuildPhase section */
		5F7950578F88321B1BEF8B9C /* [CP] Check Pods Manifest.lock */ = {
			isa = PBXShellScriptBuildPhase;
			buildActionMask = 2147483647;
			files = (
			);
			inputFileListPaths = (
			);
			inputPaths = (
				"${PODS_PODFILE_DIR_PATH}/Podfile.lock",
				"${PODS_ROOT}/Manifest.lock",
			);
			name = "[CP] Check Pods Manifest.lock";
			outputFileListPaths = (
			);
			outputPaths = (
				"$(DERIVED_FILE_DIR)/Pods-ARMeasure-checkManifestLockResult.txt",
			);
			runOnlyForDeploymentPostprocessing = 0;
			shellPath = /bin/sh;
			shellScript = "diff \"${PODS_PODFILE_DIR_PATH}/Podfile.lock\" \"${PODS_ROOT}/Manifest.lock\" > /dev/null\nif [ $? != 0 ] ; then\n    # print error to STDERR\n    echo \"error: The sandbox is not in sync with the Podfile.lock. Run 'pod install' or update your CocoaPods installation.\" >&2\n    exit 1\nfi\n# This output is used by Xcode 'outputs' to avoid re-running this script phase.\necho \"SUCCESS\" > \"${SCRIPT_OUTPUT_FILE_0}\"\n";
			showEnvVarsInLog = 0;
		};
		D552252D8A048E210946F30E /* [CP] Embed Pods Frameworks */ = {
			isa = PBXShellScriptBuildPhase;
			buildActionMask = 2147483647;
			files = (
			);
			inputFileListPaths = (
				"${PODS_ROOT}/Target Support Files/Pods-ARMeasure/Pods-ARMeasure-frameworks-${CONFIGURATION}-input-files.xcfilelist",
			);
			name = "[CP] Embed Pods Frameworks";
			outputFileListPaths = (
				"${PODS_ROOT}/Target Support Files/Pods-ARMeasure/Pods-ARMeasure-frameworks-${CONFIGURATION}-output-files.xcfilelist",
			);
			runOnlyForDeploymentPostprocessing = 0;
			shellPath = /bin/sh;
			shellScript = "\"${PODS_ROOT}/Target Support Files/Pods-ARMeasure/Pods-ARMeasure-frameworks.sh\"\n";
			showEnvVarsInLog = 0;
		};
/* End PBXShellScriptBuildPhase section */

/* Begin PBXSourcesBuildPhase section */
		8DF55C6B24D911C900479549 /* Sources */ = {
			isa = PBXSourcesBuildPhase;
			buildActionMask = 2147483647;
			files = (
				8DF55C7724D911CA00479549 /* ViewController.swift in Sources */,
				8DF55C7324D911C900479549 /* AppDelegate.swift in Sources */,
			);
			runOnlyForDeploymentPostprocessing = 0;
		};
/* End PBXSourcesBuildPhase section */

/* Begin PBXVariantGroup section */
		8DF55C7824D911CA00479549 /* Main.storyboard */ = {
			isa = PBXVariantGroup;
			children = (
				8DF55C7924D911CA00479549 /* Base */,
			);
			name = Main.storyboard;
			sourceTree = "<group>";
		};
		8DF55C7D24D911CB00479549 /* LaunchScreen.storyboard */ = {
			isa = PBXVariantGroup;
			children = (
				8DF55C7E24D911CB00479549 /* Base */,
			);
			name = LaunchScreen.storyboard;
			sourceTree = "<group>";
		};
/* End PBXVariantGroup section */

/* Begin XCBuildConfiguration section */
		8DF55C8124D911CB00479549 /* Debug */ = {
			isa = XCBuildConfiguration;
			buildSettings = {
				ALWAYS_SEARCH_USER_PATHS = NO;
				CLANG_ANALYZER_NONNULL = YES;
				CLANG_ANALYZER_NUMBER_OBJECT_CONVERSION = YES_AGGRESSIVE;
				CLANG_CXX_LANGUAGE_STANDARD = "gnu++14";
				CLANG_CXX_LIBRARY = "libc++";
				CLANG_ENABLE_MODULES = YES;
				CLANG_ENABLE_OBJC_ARC = YES;
				CLANG_ENABLE_OBJC_WEAK = YES;
				CLANG_WARN_BLOCK_CAPTURE_AUTORELEASING = YES;
				CLANG_WARN_BOOL_CONVERSION = YES;
				CLANG_WARN_COMMA = YES;
				CLANG_WARN_CONSTANT_CONVERSION = YES;
				CLANG_WARN_DEPRECATED_OBJC_IMPLEMENTATIONS = YES;
				CLANG_WARN_DIRECT_OBJC_ISA_USAGE = YES_ERROR;
				CLANG_WARN_DOCUMENTATION_COMMENTS = YES;
				CLANG_WARN_EMPTY_BODY = YES;
				CLANG_WARN_ENUM_CONVERSION = YES;
				CLANG_WARN_INFINITE_RECURSION = YES;
				CLANG_WARN_INT_CONVERSION = YES;
				CLANG_WARN_NON_LITERAL_NULL_CONVERSION = YES;
				CLANG_WARN_OBJC_IMPLICIT_RETAIN_SELF = YES;
				CLANG_WARN_OBJC_LITERAL_CONVERSION = YES;
				CLANG_WARN_OBJC_ROOT_CLASS = YES_ERROR;
				CLANG_WARN_RANGE_LOOP_ANALYSIS = YES;
				CLANG_WARN_STRICT_PROTOTYPES = YES;
				CLANG_WARN_SUSPICIOUS_MOVE = YES;
				CLANG_WARN_UNGUARDED_AVAILABILITY = YES_AGGRESSIVE;
				CLANG_WARN_UNREACHABLE_CODE = YES;
				CLANG_WARN__DUPLICATE_METHOD_MATCH = YES;
				COPY_PHASE_STRIP = NO;
				DEBUG_INFORMATION_FORMAT = dwarf;
				ENABLE_STRICT_OBJC_MSGSEND = YES;
				ENABLE_TESTABILITY = YES;
				GCC_C_LANGUAGE_STANDARD = gnu11;
				GCC_DYNAMIC_NO_PIC = NO;
				GCC_NO_COMMON_BLOCKS = YES;
				GCC_OPTIMIZATION_LEVEL = 0;
				GCC_PREPROCESSOR_DEFINITIONS = (
					"DEBUG=1",
					"$(inherited)",
				);
				GCC_WARN_64_TO_32_BIT_CONVERSION = YES;
				GCC_WARN_ABOUT_RETURN_TYPE = YES_ERROR;
				GCC_WARN_UNDECLARED_SELECTOR = YES;
				GCC_WARN_UNINITIALIZED_AUTOS = YES_AGGRESSIVE;
				GCC_WARN_UNUSED_FUNCTION = YES;
				GCC_WARN_UNUSED_VARIABLE = YES;
				IPHONEOS_DEPLOYMENT_TARGET = 13.5;
				MTL_ENABLE_DEBUG_INFO = INCLUDE_SOURCE;
				MTL_FAST_MATH = YES;
				ONLY_ACTIVE_ARCH = YES;
				SDKROOT = iphoneos;
				SWIFT_ACTIVE_COMPILATION_CONDITIONS = DEBUG;
				SWIFT_OPTIMIZATION_LEVEL = "-Onone";
			};
			name = Debug;
		};
		8DF55C8224D911CB00479549 /* Release */ = {
			isa = XCBuildConfiguration;
			buildSettings = {
				ALWAYS_SEARCH_USER_PATHS = NO;
				CLANG_ANALYZER_NONNULL = YES;
				CLANG_ANALYZER_NUMBER_OBJECT_CONVERSION = YES_AGGRESSIVE;
				CLANG_CXX_LANGUAGE_STANDARD = "gnu++14";
				CLANG_CXX_LIBRARY = "libc++";
				CLANG_ENABLE_MODULES = YES;
				CLANG_ENABLE_OBJC_ARC = YES;
				CLANG_ENABLE_OBJC_WEAK = YES;
				CLANG_WARN_BLOCK_CAPTURE_AUTORELEASING = YES;
				CLANG_WARN_BOOL_CONVERSION = YES;
				CLANG_WARN_COMMA = YES;
				CLANG_WARN_CONSTANT_CONVERSION = YES;
				CLANG_WARN_DEPRECATED_OBJC_IMPLEMENTATIONS = YES;
				CLANG_WARN_DIRECT_OBJC_ISA_USAGE = YES_ERROR;
				CLANG_WARN_DOCUMENTATION_COMMENTS = YES;
				CLANG_WARN_EMPTY_BODY = YES;
				CLANG_WARN_ENUM_CONVERSION = YES;
				CLANG_WARN_INFINITE_RECURSION = YES;
				CLANG_WARN_INT_CONVERSION = YES;
				CLANG_WARN_NON_LITERAL_NULL_CONVERSION = YES;
				CLANG_WARN_OBJC_IMPLICIT_RETAIN_SELF = YES;
				CLANG_WARN_OBJC_LITERAL_CONVERSION = YES;
				CLANG_WARN_OBJC_ROOT_CLASS = YES_ERROR;
				CLANG_WARN_RANGE_LOOP_ANALYSIS = YES;
				CLANG_WARN_STRICT_PROTOTYPES = YES;
				CLANG_WARN_SUSPICIOUS_MOVE = YES;
				CLANG_WARN_UNGUARDED_AVAILABILITY = YES_AGGRESSIVE;
				CLANG_WARN_UNREACHABLE_CODE = YES;
				CLANG_WARN__DUPLICATE_METHOD_MATCH = YES;
				COPY_PHASE_STRIP = NO;
				DEBUG_INFORMATION_FORMAT = "dwarf-with-dsym";
				ENABLE_NS_ASSERTIONS = NO;
				ENABLE_STRICT_OBJC_MSGSEND = YES;
				GCC_C_LANGUAGE_STANDARD = gnu11;
				GCC_NO_COMMON_BLOCKS = YES;
				GCC_WARN_64_TO_32_BIT_CONVERSION = YES;
				GCC_WARN_ABOUT_RETURN_TYPE = YES_ERROR;
				GCC_WARN_UNDECLARED_SELECTOR = YES;
				GCC_WARN_UNINITIALIZED_AUTOS = YES_AGGRESSIVE;
				GCC_WARN_UNUSED_FUNCTION = YES;
				GCC_WARN_UNUSED_VARIABLE = YES;
				IPHONEOS_DEPLOYMENT_TARGET = 13.5;
				MTL_ENABLE_DEBUG_INFO = NO;
				MTL_FAST_MATH = YES;
				SDKROOT = iphoneos;
				SWIFT_COMPILATION_MODE = wholemodule;
				SWIFT_OPTIMIZATION_LEVEL = "-O";
				VALIDATE_PRODUCT = YES;
			};
			name = Release;
		};
		8DF55C8424D911CB00479549 /* Debug */ = {
			isa = XCBuildConfiguration;
			baseConfigurationReference = 0B4585298086BCEF77D1C8D7 /* Pods-ARMeasure.debug.xcconfig */;
			buildSettings = {
				ASSETCATALOG_COMPILER_APPICON_NAME = AppIcon;
				CODE_SIGN_STYLE = Automatic;
				DEVELOPMENT_TEAM = 892RDRHR25;
				INFOPLIST_FILE = ARMeasure/Info.plist;
				LD_RUNPATH_SEARCH_PATHS = (
					"$(inherited)",
					"@executable_path/Frameworks",
				);
				PRODUCT_BUNDLE_IDENTIFIER = hoshi.fukuyama.ARMeasure;
				PRODUCT_NAME = "$(TARGET_NAME)";
				SWIFT_VERSION = 5.0;
				TARGETED_DEVICE_FAMILY = "1,2";
			};
			name = Debug;
		};
		8DF55C8524D911CB00479549 /* Release */ = {
			isa = XCBuildConfiguration;
			baseConfigurationReference = AE4CA0C18B7E75189A36945D /* Pods-ARMeasure.release.xcconfig */;
			buildSettings = {
				ASSETCATALOG_COMPILER_APPICON_NAME = AppIcon;
				CODE_SIGN_STYLE = Automatic;
				DEVELOPMENT_TEAM = 892RDRHR25;
				INFOPLIST_FILE = ARMeasure/Info.plist;
				LD_RUNPATH_SEARCH_PATHS = (
					"$(inherited)",
					"@executable_path/Frameworks",
				);
				PRODUCT_BUNDLE_IDENTIFIER = hoshi.fukuyama.ARMeasure;
				PRODUCT_NAME = "$(TARGET_NAME)";
				SWIFT_VERSION = 5.0;
				TARGETED_DEVICE_FAMILY = "1,2";
			};
			name = Release;
		};
/* End XCBuildConfiguration section */

/* Begin XCConfigurationList section */
		8DF55C6A24D911C900479549 /* Build configuration list for PBXProject "ARMeasure" */ = {
			isa = XCConfigurationList;
			buildConfigurations = (
				8DF55C8124D911CB00479549 /* Debug */,
				8DF55C8224D911CB00479549 /* Release */,
			);
			defaultConfigurationIsVisible = 0;
			defaultConfigurationName = Release;
		};
		8DF55C8324D911CB00479549 /* Build configuration list for PBXNativeTarget "ARMeasure" */ = {
			isa = XCConfigurationList;
			buildConfigurations = (
				8DF55C8424D911CB00479549 /* Debug */,
				8DF55C8524D911CB00479549 /* Release */,
			);
			defaultConfigurationIsVisible = 0;
			defaultConfigurationName = Release;
		};
/* End XCConfigurationList section */
	};
	rootObject = 8DF55C6724D911C900479549 /* Project object */;
}
